
Microsoft Visual Studio Solution File, Format Version 12.00
# Visual Studio Version 17
VisualStudioVersion = 17.2.32630.192
MinimumVisualStudioVersion = 10.0.40219.1
Project("{9A19103F-16F7-4668-BE54-9A1E7A4F7556}") = "Gourmet.WebApi", "Gourmet.WebApi\Gourmet.WebApi.csproj", "{A915AC43-CA85-4F68-94B4-5D75D3F5A795}"
EndProject
Project("{2150E333-8FDC-42A3-9474-1A3956D46DE8}") = "src", "src", "{E0999A04-0DDB-4814-BC8C-A42BA275E07A}"
EndProject
Project("{2150E333-8FDC-42A3-9474-1A3956D46DE8}") = "test", "test", "{844F31CC-F2C4-41C5-910B-95E07570B7DE}"
EndProject
Project("{9A19103F-16F7-4668-BE54-9A1E7A4F7556}") = "Gourmet.Core", "Gourmet.Core\Gourmet.Core.csproj", "{4921B03E-027C-4B69-8F89-DF4D17310F68}"
EndProject
Project("{FAE04EC0-301F-11D3-BF4B-00C04F79EFBC}") = "Gourmet.Test", "Gourmet.Test\Gourmet.Test.csproj", "{029686FF-D09A-475E-ABB5-CB428329119A}"
EndProject
Global
	GlobalSection(SolutionConfigurationPlatforms) = preSolution
		Debug|Any CPU = Debug|Any CPU
		Release|Any CPU = Release|Any CPU
	EndGlobalSection
	GlobalSection(ProjectConfigurationPlatforms) = postSolution
		{A915AC43-CA85-4F68-94B4-5D75D3F5A795}.Debug|Any CPU.ActiveCfg = Debug|Any CPU
		{A915AC43-CA85-4F68-94B4-5D75D3F5A795}.Debug|Any CPU.Build.0 = Debug|Any CPU
		{A915AC43-CA85-4F68-94B4-5D75D3F5A795}.Release|Any CPU.ActiveCfg = Release|Any CPU
		{A915AC43-CA85-4F68-94B4-5D75D3F5A795}.Release|Any CPU.Build.0 = Release|Any CPU
		{4921B03E-027C-4B69-8F89-DF4D17310F68}.Debug|Any CPU.ActiveCfg = Debug|Any CPU
		{4921B03E-027C-4B69-8F89-DF4D17310F68}.Debug|Any CPU.Build.0 = Debug|Any CPU
		{4921B03E-027C-4B69-8F89-DF4D17310F68}.Release|Any CPU.ActiveCfg = Release|Any CPU
		{4921B03E-027C-4B69-8F89-DF4D17310F68}.Release|Any CPU.Build.0 = Release|Any CPU
		{029686FF-D09A-475E-ABB5-CB428329119A}.Debug|Any CPU.ActiveCfg = Debug|Any CPU
		{029686FF-D09A-475E-ABB5-CB428329119A}.Debug|Any CPU.Build.0 = Debug|Any CPU
		{029686FF-D09A-475E-ABB5-CB428329119A}.Release|Any CPU.ActiveCfg = Release|Any CPU
		{029686FF-D09A-475E-ABB5-CB428329119A}.Release|Any CPU.Build.0 = Release|Any CPU
	EndGlobalSection
	GlobalSection(SolutionProperties) = preSolution
		HideSolutionNode = FALSE
	EndGlobalSection
	GlobalSection(NestedProjects) = preSolution
		{A915AC43-CA85-4F68-94B4-5D75D3F5A795} = {E0999A04-0DDB-4814-BC8C-A42BA275E07A}
		{4921B03E-027C-4B69-8F89-DF4D17310F68} = {E0999A04-0DDB-4814-BC8C-A42BA275E07A}
		{029686FF-D09A-475E-ABB5-CB428329119A} = {844F31CC-F2C4-41C5-910B-95E07570B7DE}
	EndGlobalSection
	GlobalSection(ExtensibilityGlobals) = postSolution
		SolutionGuid = {D31B1D0E-46FA-4218-80EE-EC4A828E5F27}
	EndGlobalSection
EndGlobal
